<?xml version="1.0" encoding="utf-8"?>
<Project ToolsVersion="4.0" xmlns="http://schemas.microsoft.com/developer/msbuild/2003">
  <ItemGroup>
    <Filter Include="源文件">
      <UniqueIdentifier>{4FC737F1-C7A5-4376-A066-2A32D752A2FF}</UniqueIdentifier>
      <Extensions>cpp;c;cc;cxx;c++;cppm;ixx;def;odl;idl;hpj;bat;asm;asmx</Extensions>
    </Filter>
    <Filter Include="头文件">
      <UniqueIdentifier>{93995380-89BD-4b04-88EB-625FBE52EBFB}</UniqueIdentifier>
      <Extensions>h;hh;hpp;hxx;h++;hm;inl;inc;ipp;xsd</Extensions>
    </Filter>
    <Filter Include="资源文件">
      <UniqueIdentifier>{67DA6AB6-F800-4c08-8B7A-83BB121AAD01}</UniqueIdentifier>
      <Extensions>rc;ico;cur;bmp;dlg;rc2;rct;bin;rgs;gif;jpg;jpeg;jpe;resx;tiff;tif;png;wav;mfcribbon-ms</Extensions>
    </Filter>
    <Filter Include="share">
      <UniqueIdentifier>{e90a719c-cab9-40ac-8a73-b78db274912c}</UniqueIdentifier>
    </Filter>
    <Filter Include="xml">
      <UniqueIdentifier>{df305859-a498-4954-a7bd-30bb5f4148b0}</UniqueIdentifier>
    </Filter>
  </ItemGroup>
  <ItemGroup>
    <ClInclude Include="framework.h">
      <Filter>头文件</Filter>
    </ClInclude>
    <ClInclude Include="pch.h">
      <Filter>头文件</Filter>
    </ClInclude>
    <ClInclude Include="..\share\IAllConfigInfo.h">
      <Filter>share</Filter>
    </ClInclude>
    <ClInclude Include="..\share\IMyObject.h">
      <Filter>share</Filter>
    </ClInclude>
    <ClInclude Include="CAllConfigInfo.h">
      <Filter>头文件</Filter>
    </ClInclude>
    <ClInclude Include="..\xml\pugiconfig.hpp">
      <Filter>xml</Filter>
    </ClInclude>
    <ClInclude Include="..\xml\pugixml.hpp">
      <Filter>xml</Filter>
    </ClInclude>
    <ClInclude Include="..\share\ITestInfo.h">
      <Filter>share</Filter>
    </ClInclude>
    <ClInclude Include="CTestInfo.h">
      <Filter>头文件</Filter>
    </ClInclude>
    <ClInclude Include="..\share\ITestAnInfo.h">
      <Filter>share</Filter>
    </ClInclude>
    <ClInclude Include="CTestAnInfo.h">
      <Filter>头文件</Filter>
    </ClInclude>
  </ItemGroup>
  <ItemGroup>
    <ClCompile Include="dllmain.cpp">
      <Filter>源文件</Filter>
    </ClCompile>
    <ClCompile Include="pch.cpp">
      <Filter>源文件</Filter>
    </ClCompile>
    <ClCompile Include="CAllConfigInfo.cpp">
      <Filter>源文件</Filter>
    </ClCompile>
    <ClCompile Include="..\xml\pugixml.cpp">
      <Filter>xml</Filter>
    </ClCompile>
    <ClCompile Include="CTestInfo.cpp">
      <Filter>源文件</Filter>
    </ClCompile>
    <ClCompile Include="CTestAnInfo.cpp">
      <Filter>源文件</Filter>
    </ClCompile>
  </ItemGroup>
  <ItemGroup>
    <None Include="DllClass.def">
      <Filter>源文件</Filter>
    </None>
  </ItemGroup>
</Project>