
Microsoft Visual Studio Solution File, Format Version 12.00
# Visual Studio Version 16
VisualStudioVersion = 16.0.31624.102
MinimumVisualStudioVersion = 10.0.40219.1
Project("{8BC9CEB8-8B4A-11D0-8D11-00A0C91BC942}") = "DllClass", "DllClass\DllClass.vcxproj", "{8C4DAFE3-00AE-4842-B665-4D4A7ABBFE6C}"
EndProject
Project("{8BC9CEB8-8B4A-11D0-8D11-00A0C91BC942}") = "ConsoleApplication1", "ConsoleApplication1\ConsoleApplication1.vcxproj", "{CA72664C-5FEF-4553-B56F-3BAE2675A473}"
EndProject
Global
	GlobalSection(SolutionConfigurationPlatforms) = preSolution
		Debug|x64 = Debug|x64
		Debug|x86 = Debug|x86
		Release|x64 = Release|x64
		Release|x86 = Release|x86
	EndGlobalSection
	GlobalSection(ProjectConfigurationPlatforms) = postSolution
		{8C4DAFE3-00AE-4842-B665-4D4A7ABBFE6C}.Debug|x64.ActiveCfg = Debug|x64
		{8C4DAFE3-00AE-4842-B665-4D4A7ABBFE6C}.Debug|x64.Build.0 = Debug|x64
		{8C4DAFE3-00AE-4842-B665-4D4A7ABBFE6C}.Debug|x86.ActiveCfg = Debug|Win32
		{8C4DAFE3-00AE-4842-B665-4D4A7ABBFE6C}.Debug|x86.Build.0 = Debug|Win32
		{8C4DAFE3-00AE-4842-B665-4D4A7ABBFE6C}.Release|x64.ActiveCfg = Release|x64
		{8C4DAFE3-00AE-4842-B665-4D4A7ABBFE6C}.Release|x64.Build.0 = Release|x64
		{8C4DAFE3-00AE-4842-B665-4D4A7ABBFE6C}.Release|x86.ActiveCfg = Release|Win32
		{8C4DAFE3-00AE-4842-B665-4D4A7ABBFE6C}.Release|x86.Build.0 = Release|Win32
		{CA72664C-5FEF-4553-B56F-3BAE2675A473}.Debug|x64.ActiveCfg = Debug|x64
		{CA72664C-5FEF-4553-B56F-3BAE2675A473}.Debug|x64.Build.0 = Debug|x64
		{CA72664C-5FEF-4553-B56F-3BAE2675A473}.Debug|x86.ActiveCfg = Debug|Win32
		{CA72664C-5FEF-4553-B56F-3BAE2675A473}.Debug|x86.Build.0 = Debug|Win32
		{CA72664C-5FEF-4553-B56F-3BAE2675A473}.Release|x64.ActiveCfg = Release|x64
		{CA72664C-5FEF-4553-B56F-3BAE2675A473}.Release|x64.Build.0 = Release|x64
		{CA72664C-5FEF-4553-B56F-3BAE2675A473}.Release|x86.ActiveCfg = Release|Win32
		{CA72664C-5FEF-4553-B56F-3BAE2675A473}.Release|x86.Build.0 = Release|Win32
	EndGlobalSection
	GlobalSection(SolutionProperties) = preSolution
		HideSolutionNode = FALSE
	EndGlobalSection
	GlobalSection(ExtensibilityGlobals) = postSolution
		SolutionGuid = {E31A7717-4F2E-48AC-A4AD-26B57C921952}
	EndGlobalSection
EndGlobal
